
Microsoft Visual Studio Solution File, Format Version 12.00
# Visual Studio 2013
VisualStudioVersion = 12.0.31101.0
MinimumVisualStudioVersion = 10.0.40219.1
Project("{8BC9CEB8-8B4A-11D0-8D11-00A0C91BC942}") = "ConsoleApplication9", "ConsoleApplication9\ConsoleApplication9.vcxproj", "{2AD8AD25-1652-45A2-95E1-4A1E9ADF12BC}"
EndProject
Project("{8BC9CEB8-8B4A-11D0-8D11-00A0C91BC942}") = "dll", "dll\dll.vcxproj", "{06376AA8-7766-4E1F-9CCD-B18D35365549}"
EndProject
Project("{8BC9CEB8-8B4A-11D0-8D11-00A0C91BC942}") = "dlluser", "ConsoleApplication1\ConsoleApplication1.vcxproj", "{ED1F4D43-3759-40EC-8C94-613630EA9CA4}"
	ProjectSection(ProjectDependencies) = postProject
		{06376AA8-7766-4E1F-9CCD-B18D35365549} = {06376AA8-7766-4E1F-9CCD-B18D35365549}
	EndProjectSection
EndProject
Global
	GlobalSection(SolutionConfigurationPlatforms) = preSolution
		Debug|Win32 = Debug|Win32
		Release|Win32 = Release|Win32
	EndGlobalSection
	GlobalSection(ProjectConfigurationPlatforms) = postSolution
		{2AD8AD25-1652-45A2-95E1-4A1E9ADF12BC}.Debug|Win32.ActiveCfg = Debug|Win32
		{2AD8AD25-1652-45A2-95E1-4A1E9ADF12BC}.Debug|Win32.Build.0 = Debug|Win32
		{2AD8AD25-1652-45A2-95E1-4A1E9ADF12BC}.Release|Win32.ActiveCfg = Release|Win32
		{2AD8AD25-1652-45A2-95E1-4A1E9ADF12BC}.Release|Win32.Build.0 = Release|Win32
		{06376AA8-7766-4E1F-9CCD-B18D35365549}.Debug|Win32.ActiveCfg = Debug|Win32
		{06376AA8-7766-4E1F-9CCD-B18D35365549}.Debug|Win32.Build.0 = Debug|Win32
		{06376AA8-7766-4E1F-9CCD-B18D35365549}.Release|Win32.ActiveCfg = Release|Win32
		{06376AA8-7766-4E1F-9CCD-B18D35365549}.Release|Win32.Build.0 = Release|Win32
		{ED1F4D43-3759-40EC-8C94-613630EA9CA4}.Debug|Win32.ActiveCfg = Debug|Win32
		{ED1F4D43-3759-40EC-8C94-613630EA9CA4}.Debug|Win32.Build.0 = Debug|Win32
		{ED1F4D43-3759-40EC-8C94-613630EA9CA4}.Release|Win32.ActiveCfg = Release|Win32
		{ED1F4D43-3759-40EC-8C94-613630EA9CA4}.Release|Win32.Build.0 = Release|Win32
	EndGlobalSection
	GlobalSection(SolutionProperties) = preSolution
		HideSolutionNode = FALSE
	EndGlobalSection
EndGlobal
